
Microsoft Visual Studio Solution File, Format Version 12.00
# Visual Studio Version 17
VisualStudioVersion = 17.10.35013.160
MinimumVisualStudioVersion = 10.0.40219.1
Project("{2150E333-8FDC-42A3-9474-1A3956D46DE8}") = "src", "src", "{E510C249-5383-46CB-8071-BB2EA6D960EC}"
EndProject
Project("{9A19103F-16F7-4668-BE54-9A1E7A4F7556}") = "Documents.API", "Documents.API\Documents.API.csproj", "{4BADF619-7FC2-436C-A57A-CE7DA3A0E199}"
EndProject
Project("{9A19103F-16F7-4668-BE54-9A1E7A4F7556}") = "Documents.BusinessLogic", "Documents.BusinessLogic\Documents.BusinessLogic.csproj", "{B166F01D-0961-4606-9342-80616576E01C}"
EndProject
Project("{E53339B2-1760-4266-BCC7-CA923CBCF16C}") = "docker-compose", "docker-compose.dcproj", "{57DCDFD5-5553-432D-931E-458162583FE4}"
EndProject
Global
	GlobalSection(SolutionConfigurationPlatforms) = preSolution
		Debug|Any CPU = Debug|Any CPU
		Release|Any CPU = Release|Any CPU
	EndGlobalSection
	GlobalSection(ProjectConfigurationPlatforms) = postSolution
		{4BADF619-7FC2-436C-A57A-CE7DA3A0E199}.Debug|Any CPU.ActiveCfg = Debug|Any CPU
		{4BADF619-7FC2-436C-A57A-CE7DA3A0E199}.Debug|Any CPU.Build.0 = Debug|Any CPU
		{4BADF619-7FC2-436C-A57A-CE7DA3A0E199}.Release|Any CPU.ActiveCfg = Release|Any CPU
		{4BADF619-7FC2-436C-A57A-CE7DA3A0E199}.Release|Any CPU.Build.0 = Release|Any CPU
		{B166F01D-0961-4606-9342-80616576E01C}.Debug|Any CPU.ActiveCfg = Debug|Any CPU
		{B166F01D-0961-4606-9342-80616576E01C}.Debug|Any CPU.Build.0 = Debug|Any CPU
		{B166F01D-0961-4606-9342-80616576E01C}.Release|Any CPU.ActiveCfg = Release|Any CPU
		{B166F01D-0961-4606-9342-80616576E01C}.Release|Any CPU.Build.0 = Release|Any CPU
		{57DCDFD5-5553-432D-931E-458162583FE4}.Debug|Any CPU.ActiveCfg = Debug|Any CPU
		{57DCDFD5-5553-432D-931E-458162583FE4}.Debug|Any CPU.Build.0 = Debug|Any CPU
		{57DCDFD5-5553-432D-931E-458162583FE4}.Release|Any CPU.ActiveCfg = Release|Any CPU
		{57DCDFD5-5553-432D-931E-458162583FE4}.Release|Any CPU.Build.0 = Release|Any CPU
	EndGlobalSection
	GlobalSection(SolutionProperties) = preSolution
		HideSolutionNode = FALSE
	EndGlobalSection
	GlobalSection(NestedProjects) = preSolution
		{4BADF619-7FC2-436C-A57A-CE7DA3A0E199} = {E510C249-5383-46CB-8071-BB2EA6D960EC}
		{B166F01D-0961-4606-9342-80616576E01C} = {E510C249-5383-46CB-8071-BB2EA6D960EC}
	EndGlobalSection
	GlobalSection(ExtensibilityGlobals) = postSolution
		SolutionGuid = {93BAB521-B8F0-4351-99EE-72440B78EDAB}
	EndGlobalSection
EndGlobal
